{
  "version": 4,
  "terraform_version": "1.10.5",
  "serial": 21,
  "lineage": "743439c1-00c1-33c5-944f-5771718efba8",
  "outputs": {},
  "resources": [
    {
      "mode": "managed",
      "type": "cloudflare_r2_bucket",
      "name": "max_terraform_test_bucket",
      "provider": "provider[\"registry.terraform.io/cloudflare/cloudflare\"]",
      "instances": [
        {
          "schema_version": 0,
          "attributes": {
            "account_id": "f1f050202632dd27369847f0af466a40",
            "creation_date": "2025-02-12T00:46:02.518Z",
            "id": "max-terraform-test",
            "jurisdiction": "default",
            "location": null,
            "name": "max-terraform-test",
            "storage_class": "Standard"
          },
          "sensitive_attributes": []
        }
      ]
    },
    {
      "mode": "managed",
      "type": "cloudflare_workers_script",
      "name": "max_terraform_test_worker",
      "provider": "provider[\"registry.terraform.io/cloudflare/cloudflare\"]",
      "instances": [
        {
          "schema_version": 0,
          "attributes": {
            "account_id": "f1f050202632dd27369847f0af466a40",
            "assets": null,
            "bindings": [
              {
                "bucket_name": "max-terraform-test",
                "certificate_id": null,
                "class_name": null,
                "dataset": null,
                "environment": null,
                "id": null,
                "index_name": null,
                "json": null,
                "name": "BUCKET",
                "namespace": null,
                "namespace_id": null,
                "outbound": null,
                "queue_name": null,
                "script_name": null,
                "service": null,
                "text": null,
                "type": "r2_bucket"
              },
              {
                "bucket_name": null,
                "certificate_id": null,
                "class_name": "TestObject",
                "dataset": null,
                "environment": null,
                "id": null,
                "index_name": null,
                "json": null,
                "name": "DO",
                "namespace": null,
                "namespace_id": null,
                "outbound": null,
                "queue_name": null,
                "script_name": null,
                "service": null,
                "text": null,
                "type": "durable_object_namespace"
              }
            ],
            "body_part": null,
            "compatibility_date": "2024-01-01",
            "compatibility_flags": null,
            "content": "import { DurableObject } from \"cloudflare:workers\";\nexport default {\n  async fetch(req, env) {\n    if (req.url.endsWith(\"/do\")) {\n      const id = env.DO.idFromName(\"test\");\n      const obj = env.DO.get(id);\n      return obj.fetch(req);\n    }\n    if (req.method == \"GET\") {\n      const first = await env.BUCKET.list().then(\n        (res) =\u003e res.objects.toSorted(\n          (a, b) =\u003e a.uploaded.getTime() - b.uploaded.getTime()\n        )[0]\n      );\n      const result = await env.BUCKET.get(first.key);\n      return new Response(result.body, {\n        headers: {\n          \"content-type\": result.httpMetadata.contentType\n        }\n      });\n    }\n    if (req.method == \"PUT\") {\n      const key = crypto.randomUUID();\n      await env.BUCKET.put(key, req.body, {\n        httpMetadata: {\n          contentType: req.headers.get(\"content-type\")\n        }\n      });\n      return new Response(`Object created with key: ${key}`);\n    }\n  }\n};\nexport class TestObject extends DurableObject {\n  fetch(request) {\n    return new Response(\"Hello from Durable Object!\");\n  }\n}\n",
            "created_on": "2025-02-26T01:03:10Z",
            "etag": "ff76e85e5a9de41ad03787fcc774c7d9c335e8ca456262a860047735f70c0f81",
            "has_assets": false,
            "has_modules": false,
            "id": "max-terraform-test",
            "keep_assets": null,
            "keep_bindings": null,
            "logpush": false,
            "main_module": "worker.js",
            "migrations": {
              "deleted_classes": null,
              "new_classes": [
                "TestObject"
              ],
              "new_sqlite_classes": null,
              "new_tag": null,
              "old_tag": null,
              "renamed_classes": null,
              "steps": null,
              "transferred_classes": null
            },
            "modified_on": "2025-02-26T01:03:10Z",
            "observability": null,
            "placement": null,
            "script_name": "max-terraform-test",
            "startup_time_ms": 0,
            "tail_consumers": [],
            "usage_model": "standard"
          },
          "sensitive_attributes": [],
          "dependencies": [
            "cloudflare_r2_bucket.max_terraform_test_bucket"
          ]
        }
      ]
    },
    {
      "mode": "managed",
      "type": "cloudflare_workers_script_subdomain",
      "name": "max_terraform_test_subdomain",
      "provider": "provider[\"registry.terraform.io/cloudflare/cloudflare\"]",
      "instances": [
        {
          "schema_version": 0,
          "attributes": {
            "account_id": "f1f050202632dd27369847f0af466a40",
            "enabled": true,
            "previews_enabled": null,
            "script_name": "max-terraform-test"
          },
          "sensitive_attributes": [],
          "dependencies": [
            "cloudflare_r2_bucket.max_terraform_test_bucket",
            "cloudflare_workers_script.max_terraform_test_worker"
          ]
        }
      ]
    }
  ],
  "check_results": null
}
