{
  "name": "iac-test-sst",
  "version": "1.0.0",
  "lockfileVersion": 3,
  "requires": true,
  "packages": {
    "": {
      "name": "iac-test-sst",
      "dependencies": {
        "sst": "3.8.4"
      },
      "devDependencies": {
        "@cloudflare/workers-types": "4.20250204.0"
      }
    },
    "node_modules/@cloudflare/workers-types": {
      "version": "4.20250204.0",
      "resolved": "https://registry.npmjs.org/@cloudflare/workers-types/-/workers-types-4.20250204.0.tgz",
      "integrity": "sha512-mWoQbYaP+nYztx9I7q9sgaiNlT54Cypszz0RfzMxYnT5W3NXDuwGcjGB+5B5H5VB8tEC2dYnBRpa70lX94ueaQ==",
      "dev": true,
      "license": "MIT OR Apache-2.0"
    },
    "node_modules/aws4fetch": {
      "version": "1.0.20",
      "resolved": "https://registry.npmjs.org/aws4fetch/-/aws4fetch-1.0.20.tgz",
      "integrity": "sha512-/djoAN709iY65ETD6LKCtyyEI04XIBP5xVvfmNxsEP0uJB5tyaGBztSryRr4HqMStr9R06PisQE7m9zDTXKu6g==",
      "license": "MIT"
    },
    "node_modules/jose": {
      "version": "5.2.3",
      "resolved": "https://registry.npmjs.org/jose/-/jose-5.2.3.tgz",
      "integrity": "sha512-KUXdbctm1uHVL8BYhnyHkgp3zDX5KW8ZhAKVFEfUbU2P8Alpzjb+48hHvjOdQIyPshoblhzsuqOwEEAbtHVirA==",
      "license": "MIT",
      "funding": {
        "url": "https://github.com/sponsors/panva"
      }
    },
    "node_modules/lru-cache": {
      "version": "6.0.0",
      "resolved": "https://registry.npmjs.org/lru-cache/-/lru-cache-6.0.0.tgz",
      "integrity": "sha512-Jo6dJ04CmSjuznwJSS3pUeWmd/H0ffTlkXXgwZi+eq1UCmqQwCh+eLsYOYCwY991i2Fah4h1BEMCx4qThGbsiA==",
      "license": "ISC",
      "dependencies": {
        "yallist": "^4.0.0"
      },
      "engines": {
        "node": ">=10"
      }
    },
    "node_modules/object-hash": {
      "version": "2.2.0",
      "resolved": "https://registry.npmjs.org/object-hash/-/object-hash-2.2.0.tgz",
      "integrity": "sha512-gScRMn0bS5fH+IuwyIFgnh9zBdo4DV+6GhygmWM9HyNJSgS0hScp1f5vjtm7oIIOiT9trXrShAkLFSc2IqKNgw==",
      "license": "MIT",
      "engines": {
        "node": ">= 6"
      }
    },
    "node_modules/oidc-token-hash": {
      "version": "5.0.3",
      "resolved": "https://registry.npmjs.org/oidc-token-hash/-/oidc-token-hash-5.0.3.tgz",
      "integrity": "sha512-IF4PcGgzAr6XXSff26Sk/+P4KZFJVuHAJZj3wgO3vX2bMdNVp/QXTP3P7CEm9V1IdG8lDLY3HhiqpsE/nOwpPw==",
      "license": "MIT",
      "engines": {
        "node": "^10.13.0 || >=12.0.0"
      }
    },
    "node_modules/openid-client": {
      "version": "5.6.4",
      "resolved": "https://registry.npmjs.org/openid-client/-/openid-client-5.6.4.tgz",
      "integrity": "sha512-T1h3B10BRPKfcObdBklX639tVz+xh34O7GjofqrqiAQdm7eHsQ00ih18x6wuJ/E6FxdtS2u3FmUGPDeEcMwzNA==",
      "license": "MIT",
      "dependencies": {
        "jose": "^4.15.4",
        "lru-cache": "^6.0.0",
        "object-hash": "^2.2.0",
        "oidc-token-hash": "^5.0.3"
      },
      "funding": {
        "url": "https://github.com/sponsors/panva"
      }
    },
    "node_modules/openid-client/node_modules/jose": {
      "version": "4.15.9",
      "resolved": "https://registry.npmjs.org/jose/-/jose-4.15.9.tgz",
      "integrity": "sha512-1vUQX+IdDMVPj4k8kOxgUqlcK518yluMuGZwqlr44FS1ppZB/5GWh4rZG89erpOBOJjU/OBsnCVFfapsRz6nEA==",
      "license": "MIT",
      "funding": {
        "url": "https://github.com/sponsors/panva"
      }
    },
    "node_modules/sst": {
      "version": "3.8.4",
      "resolved": "https://registry.npmjs.org/sst/-/sst-3.8.4.tgz",
      "integrity": "sha512-zXIL+dCaxYuK/vQPF6EKO1ZBxNoP7pGS6s4eIsfwmvqHukujVwQUwsD+Zl+HP66B6Rb+QX5tBBIxjCto2Oje2g==",
      "dependencies": {
        "aws4fetch": "^1.0.18",
        "jose": "5.2.3",
        "openid-client": "5.6.4"
      },
      "bin": {
        "sst": "bin/sst.mjs"
      },
      "optionalDependencies": {
        "sst-darwin-arm64": "3.8.4",
        "sst-darwin-x64": "3.8.4",
        "sst-linux-arm64": "3.8.4",
        "sst-linux-x64": "3.8.4",
        "sst-linux-x86": "3.8.4"
      }
    },
    "node_modules/sst-darwin-arm64": {
      "version": "3.8.4",
      "resolved": "https://registry.npmjs.org/sst-darwin-arm64/-/sst-darwin-arm64-3.8.4.tgz",
      "integrity": "sha512-I4gAox26Qo+8W6CWuQARHH3gH1hbLLVxZg3QVwPABYZp71NJu0qMS0XmpBJxpgPz1VqiS+r5OCI8MgCSjqLSAA==",
      "cpu": [
        "arm64"
      ],
      "optional": true,
      "os": [
        "darwin"
      ]
    },
    "node_modules/sst-darwin-x64": {
      "version": "3.8.4",
      "resolved": "https://registry.npmjs.org/sst-darwin-x64/-/sst-darwin-x64-3.8.4.tgz",
      "integrity": "sha512-xGw5A6DELB6Wq0OLETIFSadE0VyCYzkMIll/pjZpbEeP7FRO+kPzax2vifAY+wFESmzp5Em4VVxbqLyk4+bHsQ==",
      "cpu": [
        "x64"
      ],
      "optional": true,
      "os": [
        "darwin"
      ]
    },
    "node_modules/sst-linux-arm64": {
      "version": "3.8.4",
      "resolved": "https://registry.npmjs.org/sst-linux-arm64/-/sst-linux-arm64-3.8.4.tgz",
      "integrity": "sha512-MVdN3Okb1bPHaEZYLnm5E0eUkxOCudCGWEsPQsSIRFyWoCM3pwJHLux10CENv0oJhRMfaeMN+O0ervGUIW27bA==",
      "cpu": [
        "arm64"
      ],
      "optional": true,
      "os": [
        "linux"
      ]
    },
    "node_modules/sst-linux-x64": {
      "version": "3.8.4",
      "resolved": "https://registry.npmjs.org/sst-linux-x64/-/sst-linux-x64-3.8.4.tgz",
      "integrity": "sha512-sKO6HYHPzBEW7/DecicuIQa0v8mysz3TmbdJgN6sObNH14ACOWzG+03pnMXHi0BtkRT/ta4UnwW6R84y6QyvVw==",
      "cpu": [
        "x64"
      ],
      "optional": true,
      "os": [
        "linux"
      ]
    },
    "node_modules/sst-linux-x86": {
      "version": "3.8.4",
      "resolved": "https://registry.npmjs.org/sst-linux-x86/-/sst-linux-x86-3.8.4.tgz",
      "integrity": "sha512-fPzc6ViqYZigbFLs0raXBNZ7sLww7QFFoBgZkSkKDisD5r2eNxIGzKJuo2OEhntIBTpwEb/eHmDbDW5hhbEw4w==",
      "cpu": [
        "x86"
      ],
      "optional": true,
      "os": [
        "linux"
      ]
    },
    "node_modules/yallist": {
      "version": "4.0.0",
      "resolved": "https://registry.npmjs.org/yallist/-/yallist-4.0.0.tgz",
      "integrity": "sha512-3wdGidZyq5PB084XLES5TpOSRA3wjXAlIWMhum2kRcv/41Sn2emQ0dycQW4uZXLejwKvg6EsvbdlVL+FYEct7A==",
      "license": "ISC"
    }
  }
}
